// !$*UTF8*$!
{
	archiveVersion = 1;
	classes = {
	};
	objectVersion = 46;
	objects = {

/* Begin PBXBuildFile section */
		8B2A82FB1ED2830A00D39D3C /* main.m in Sources */ = {isa = PBXBuildFile; fileRef = 8B2A82FA1ED2830A00D39D3C /* main.m */; };
		8B2A82FE1ED2830A00D39D3C /* AppDelegate.m in Sources */ = {isa = PBXBuildFile; fileRef = 8B2A82FD1ED2830A00D39D3C /* AppDelegate.m */; };
		8B2A83011ED2830A00D39D3C /* ViewController.m in Sources */ = {isa = PBXBuildFile; fileRef = 8B2A83001ED2830A00D39D3C /* ViewController.m */; };
		8B2A83041ED2830A00D39D3C /* Main.storyboard in Resources */ = {isa = PBXBuildFile; fileRef = 8B2A83021ED2830A00D39D3C /* Main.storyboard */; };
		8B2A83061ED2830A00D39D3C /* Assets.xcassets in Resources */ = {isa = PBXBuildFile; fileRef = 8B2A83051ED2830A00D39D3C /* Assets.xcassets */; };
		8B2A83091ED2830A00D39D3C /* LaunchScreen.storyboard in Resources */ = {isa = PBXBuildFile; fileRef = 8B2A83071ED2830A00D39D3C /* LaunchScreen.storyboard */; };
		8B2A83141ED2830A00D39D3C /* JDTestRunTimeTests.m in Sources */ = {isa = PBXBuildFile; fileRef = 8B2A83131ED2830A00D39D3C /* JDTestRunTimeTests.m */; };
		8B2A831F1ED2830A00D39D3C /* JDTestRunTimeUITests.m in Sources */ = {isa = PBXBuildFile; fileRef = 8B2A831E1ED2830A00D39D3C /* JDTestRunTimeUITests.m */; };
		8B2A832E1ED284F600D39D3C /* RunModel.m in Sources */ = {isa = PBXBuildFile; fileRef = 8B2A832D1ED284F600D39D3C /* RunModel.m */; };
		8B2A83311ED2974900D39D3C /* RunTimeObject.m in Sources */ = {isa = PBXBuildFile; fileRef = 8B2A83301ED2974900D39D3C /* RunTimeObject.m */; };
/* End PBXBuildFile section */

/* Begin PBXContainerItemProxy section */
		8B2A83101ED2830A00D39D3C /* PBXContainerItemProxy */ = {
			isa = PBXContainerItemProxy;
			containerPortal = 8B2A82EE1ED2830A00D39D3C /* Project object */;
			proxyType = 1;
			remoteGlobalIDString = 8B2A82F51ED2830A00D39D3C;
			remoteInfo = JDTestRunTime;
		};
		8B2A831B1ED2830A00D39D3C /* PBXContainerItemProxy */ = {
			isa = PBXContainerItemProxy;
			containerPortal = 8B2A82EE1ED2830A00D39D3C /* Project object */;
			proxyType = 1;
			remoteGlobalIDString = 8B2A82F51ED2830A00D39D3C;
			remoteInfo = JDTestRunTime;
		};
/* End PBXContainerItemProxy section */

/* Begin PBXFileReference section */
		8B2A82F61ED2830A00D39D3C /* JDTestRunTime.app */ = {isa = PBXFileReference; explicitFileType = wrapper.application; includeInIndex = 0; path = JDTestRunTime.app; sourceTree = BUILT_PRODUCTS_DIR; };
		8B2A82FA1ED2830A00D39D3C /* main.m */ = {isa = PBXFileReference; lastKnownFileType = sourcecode.c.objc; path = main.m; sourceTree = "<group>"; };
		8B2A82FC1ED2830A00D39D3C /* AppDelegate.h */ = {isa = PBXFileReference; lastKnownFileType = sourcecode.c.h; path = AppDelegate.h; sourceTree = "<group>"; };
		8B2A82FD1ED2830A00D39D3C /* AppDelegate.m */ = {isa = PBXFileReference; lastKnownFileType = sourcecode.c.objc; path = AppDelegate.m; sourceTree = "<group>"; };
		8B2A82FF1ED2830A00D39D3C /* ViewController.h */ = {isa = PBXFileReference; lastKnownFileType = sourcecode.c.h; path = ViewController.h; sourceTree = "<group>"; };
		8B2A83001ED2830A00D39D3C /* ViewController.m */ = {isa = PBXFileReference; lastKnownFileType = sourcecode.c.objc; path = ViewController.m; sourceTree = "<group>"; };
		8B2A83031ED2830A00D39D3C /* Base */ = {isa = PBXFileReference; lastKnownFileType = file.storyboard; name = Base; path = Base.lproj/Main.storyboard; sourceTree = "<group>"; };
		8B2A83051ED2830A00D39D3C /* Assets.xcassets */ = {isa = PBXFileReference; lastKnownFileType = folder.assetcatalog; path = Assets.xcassets; sourceTree = "<group>"; };
		8B2A83081ED2830A00D39D3C /* Base */ = {isa = PBXFileReference; lastKnownFileType = file.storyboard; name = Base; path = Base.lproj/LaunchScreen.storyboard; sourceTree = "<group>"; };
		8B2A830A1ED2830A00D39D3C /* Info.plist */ = {isa = PBXFileReference; lastKnownFileType = text.plist.xml; path = Info.plist; sourceTree = "<group>"; };
		8B2A830F1ED2830A00D39D3C /* JDTestRunTimeTests.xctest */ = {isa = PBXFileReference; explicitFileType = wrapper.cfbundle; includeInIndex = 0; path = JDTestRunTimeTests.xctest; sourceTree = BUILT_PRODUCTS_DIR; };
		8B2A83131ED2830A00D39D3C /* JDTestRunTimeTests.m */ = {isa = PBXFileReference; lastKnownFileType = sourcecode.c.objc; path = JDTestRunTimeTests.m; sourceTree = "<group>"; };
		8B2A83151ED2830A00D39D3C /* Info.plist */ = {isa = PBXFileReference; lastKnownFileType = text.plist.xml; path = Info.plist; sourceTree = "<group>"; };
		8B2A831A1ED2830A00D39D3C /* JDTestRunTimeUITests.xctest */ = {isa = PBXFileReference; explicitFileType = wrapper.cfbundle; includeInIndex = 0; path = JDTestRunTimeUITests.xctest; sourceTree = BUILT_PRODUCTS_DIR; };
		8B2A831E1ED2830A00D39D3C /* JDTestRunTimeUITests.m */ = {isa = PBXFileReference; lastKnownFileType = sourcecode.c.objc; path = JDTestRunTimeUITests.m; sourceTree = "<group>"; };
		8B2A83201ED2830A00D39D3C /* Info.plist */ = {isa = PBXFileReference; lastKnownFileType = text.plist.xml; path = Info.plist; sourceTree = "<group>"; };
		8B2A832C1ED284F600D39D3C /* RunModel.h */ = {isa = PBXFileReference; fileEncoding = 4; lastKnownFileType = sourcecode.c.h; path = RunModel.h; sourceTree = "<group>"; };
		8B2A832D1ED284F600D39D3C /* RunModel.m */ = {isa = PBXFileReference; fileEncoding = 4; lastKnownFileType = sourcecode.c.objc; path = RunModel.m; sourceTree = "<group>"; };
		8B2A832F1ED2974900D39D3C /* RunTimeObject.h */ = {isa = PBXFileReference; fileEncoding = 4; lastKnownFileType = sourcecode.c.h; path = RunTimeObject.h; sourceTree = "<group>"; };
		8B2A83301ED2974900D39D3C /* RunTimeObject.m */ = {isa = PBXFileReference; fileEncoding = 4; lastKnownFileType = sourcecode.c.objc; path = RunTimeObject.m; sourceTree = "<group>"; };
/* End PBXFileReference section */

/* Begin PBXFrameworksBuildPhase section */
		8B2A82F31ED2830A00D39D3C /* Frameworks */ = {
			isa = PBXFrameworksBuildPhase;
			buildActionMask = 2147483647;
			files = (
			);
			runOnlyForDeploymentPostprocessing = 0;
		};
		8B2A830C1ED2830A00D39D3C /* Frameworks */ = {
			isa = PBXFrameworksBuildPhase;
			buildActionMask = 2147483647;
			files = (
			);
			runOnlyForDeploymentPostprocessing = 0;
		};
		8B2A83171ED2830A00D39D3C /* Frameworks */ = {
			isa = PBXFrameworksBuildPhase;
			buildActionMask = 2147483647;
			files = (
			);
			runOnlyForDeploymentPostprocessing = 0;
		};
/* End PBXFrameworksBuildPhase section */

/* Begin PBXGroup section */
		8B2A82ED1ED2830A00D39D3C = {
			isa = PBXGroup;
			children = (
				8B2A82F81ED2830A00D39D3C /* JDTestRunTime */,
				8B2A83121ED2830A00D39D3C /* JDTestRunTimeTests */,
				8B2A831D1ED2830A00D39D3C /* JDTestRunTimeUITests */,
				8B2A82F71ED2830A00D39D3C /* Products */,
			);
			sourceTree = "<group>";
		};
		8B2A82F71ED2830A00D39D3C /* Products */ = {
			isa = PBXGroup;
			children = (
				8B2A82F61ED2830A00D39D3C /* JDTestRunTime.app */,
				8B2A830F1ED2830A00D39D3C /* JDTestRunTimeTests.xctest */,
				8B2A831A1ED2830A00D39D3C /* JDTestRunTimeUITests.xctest */,
			);
			name = Products;
			sourceTree = "<group>";
		};
		8B2A82F81ED2830A00D39D3C /* JDTestRunTime */ = {
			isa = PBXGroup;
			children = (
				8B2A82FC1ED2830A00D39D3C /* AppDelegate.h */,
				8B2A82FD1ED2830A00D39D3C /* AppDelegate.m */,
				8B2A82FF1ED2830A00D39D3C /* ViewController.h */,
				8B2A83001ED2830A00D39D3C /* ViewController.m */,
				8B2A83021ED2830A00D39D3C /* Main.storyboard */,
				8B2A83051ED2830A00D39D3C /* Assets.xcassets */,
				8B2A83071ED2830A00D39D3C /* LaunchScreen.storyboard */,
				8B2A830A1ED2830A00D39D3C /* Info.plist */,
				8B2A82F91ED2830A00D39D3C /* Supporting Files */,
				8B2A832C1ED284F600D39D3C /* RunModel.h */,
				8B2A832D1ED284F600D39D3C /* RunModel.m */,
				8B2A832F1ED2974900D39D3C /* RunTimeObject.h */,
				8B2A83301ED2974900D39D3C /* RunTimeObject.m */,
			);
			path = JDTestRunTime;
			sourceTree = "<group>";
		};
		8B2A82F91ED2830A00D39D3C /* Supporting Files */ = {
			isa = PBXGroup;
			children = (
				8B2A82FA1ED2830A00D39D3C /* main.m */,
			);
			name = "Supporting Files";
			sourceTree = "<group>";
		};
		8B2A83121ED2830A00D39D3C /* JDTestRunTimeTests */ = {
			isa = PBXGroup;
			children = (
				8B2A83131ED2830A00D39D3C /* JDTestRunTimeTests.m */,
				8B2A83151ED2830A00D39D3C /* Info.plist */,
			);
			path = JDTestRunTimeTests;
			sourceTree = "<group>";
		};
		8B2A831D1ED2830A00D39D3C /* JDTestRunTimeUITests */ = {
			isa = PBXGroup;
			children = (
				8B2A831E1ED2830A00D39D3C /* JDTestRunTimeUITests.m */,
				8B2A83201ED2830A00D39D3C /* Info.plist */,
			);
			path = JDTestRunTimeUITests;
			sourceTree = "<group>";
		};
/* End PBXGroup section */

/* Begin PBXNativeTarget section */
		8B2A82F51ED2830A00D39D3C /* JDTestRunTime */ = {
			isa = PBXNativeTarget;
			buildConfigurationList = 8B2A83231ED2830A00D39D3C /* Build configuration list for PBXNativeTarget "JDTestRunTime" */;
			buildPhases = (
				8B2A82F21ED2830A00D39D3C /* Sources */,
				8B2A82F31ED2830A00D39D3C /* Frameworks */,
				8B2A82F41ED2830A00D39D3C /* Resources */,
			);
			buildRules = (
			);
			dependencies = (
			);
			name = JDTestRunTime;
			productName = JDTestRunTime;
			productReference = 8B2A82F61ED2830A00D39D3C /* JDTestRunTime.app */;
			productType = "com.apple.product-type.application";
		};
		8B2A830E1ED2830A00D39D3C /* JDTestRunTimeTests */ = {
			isa = PBXNativeTarget;
			buildConfigurationList = 8B2A83261ED2830A00D39D3C /* Build configuration list for PBXNativeTarget "JDTestRunTimeTests" */;
			buildPhases = (
				8B2A830B1ED2830A00D39D3C /* Sources */,
				8B2A830C1ED2830A00D39D3C /* Frameworks */,
				8B2A830D1ED2830A00D39D3C /* Resources */,
			);
			buildRules = (
			);
			dependencies = (
				8B2A83111ED2830A00D39D3C /* PBXTargetDependency */,
			);
			name = JDTestRunTimeTests;
			productName = JDTestRunTimeTests;
			productReference = 8B2A830F1ED2830A00D39D3C /* JDTestRunTimeTests.xctest */;
			productType = "com.apple.product-type.bundle.unit-test";
		};
		8B2A83191ED2830A00D39D3C /* JDTestRunTimeUITests */ = {
			isa = PBXNativeTarget;
			buildConfigurationList = 8B2A83291ED2830A00D39D3C /* Build configuration list for PBXNativeTarget "JDTestRunTimeUITests" */;
			buildPhases = (
				8B2A83161ED2830A00D39D3C /* Sources */,
				8B2A83171ED2830A00D39D3C /* Frameworks */,
				8B2A83181ED2830A00D39D3C /* Resources */,
			);
			buildRules = (
			);
			dependencies = (
				8B2A831C1ED2830A00D39D3C /* PBXTargetDependency */,
			);
			name = JDTestRunTimeUITests;
			productName = JDTestRunTimeUITests;
			productReference = 8B2A831A1ED2830A00D39D3C /* JDTestRunTimeUITests.xctest */;
			productType = "com.apple.product-type.bundle.ui-testing";
		};
/* End PBXNativeTarget section */

/* Begin PBXProject section */
		8B2A82EE1ED2830A00D39D3C /* Project object */ = {
			isa = PBXProject;
			attributes = {
				LastUpgradeCheck = 0830;
				ORGANIZATIONNAME = judy;
				TargetAttributes = {
					8B2A82F51ED2830A00D39D3C = {
						CreatedOnToolsVersion = 8.3.2;
						ProvisioningStyle = Automatic;
					};
					8B2A830E1ED2830A00D39D3C = {
						CreatedOnToolsVersion = 8.3.2;
						ProvisioningStyle = Automatic;
						TestTargetID = 8B2A82F51ED2830A00D39D3C;
					};
					8B2A83191ED2830A00D39D3C = {
						CreatedOnToolsVersion = 8.3.2;
						ProvisioningStyle = Automatic;
						TestTargetID = 8B2A82F51ED2830A00D39D3C;
					};
				};
			};
			buildConfigurationList = 8B2A82F11ED2830A00D39D3C /* Build configuration list for PBXProject "JDTestRunTime" */;
			compatibilityVersion = "Xcode 3.2";
			developmentRegion = English;
			hasScannedForEncodings = 0;
			knownRegions = (
				en,
				Base,
			);
			mainGroup = 8B2A82ED1ED2830A00D39D3C;
			productRefGroup = 8B2A82F71ED2830A00D39D3C /* Products */;
			projectDirPath = "";
			projectRoot = "";
			targets = (
				8B2A82F51ED2830A00D39D3C /* JDTestRunTime */,
				8B2A830E1ED2830A00D39D3C /* JDTestRunTimeTests */,
				8B2A83191ED2830A00D39D3C /* JDTestRunTimeUITests */,
			);
		};
/* End PBXProject section */

/* Begin PBXResourcesBuildPhase section */
		8B2A82F41ED2830A00D39D3C /* Resources */ = {
			isa = PBXResourcesBuildPhase;
			buildActionMask = 2147483647;
			files = (
				8B2A83091ED2830A00D39D3C /* LaunchScreen.storyboard in Resources */,
				8B2A83061ED2830A00D39D3C /* Assets.xcassets in Resources */,
				8B2A83041ED2830A00D39D3C /* Main.storyboard in Resources */,
			);
			runOnlyForDeploymentPostprocessing = 0;
		};
		8B2A830D1ED2830A00D39D3C /* Resources */ = {
			isa = PBXResourcesBuildPhase;
			buildActionMask = 2147483647;
			files = (
			);
			runOnlyForDeploymentPostprocessing = 0;
		};
		8B2A83181ED2830A00D39D3C /* Resources */ = {
			isa = PBXResourcesBuildPhase;
			buildActionMask = 2147483647;
			files = (
			);
			runOnlyForDeploymentPostprocessing = 0;
		};
/* End PBXResourcesBuildPhase section */

/* Begin PBXSourcesBuildPhase section */
		8B2A82F21ED2830A00D39D3C /* Sources */ = {
			isa = PBXSourcesBuildPhase;
			buildActionMask = 2147483647;
			files = (
				8B2A83311ED2974900D39D3C /* RunTimeObject.m in Sources */,
				8B2A83011ED2830A00D39D3C /* ViewController.m in Sources */,
				8B2A82FE1ED2830A00D39D3C /* AppDelegate.m in Sources */,
				8B2A82FB1ED2830A00D39D3C /* main.m in Sources */,
				8B2A832E1ED284F600D39D3C /* RunModel.m in Sources */,
			);
			runOnlyForDeploymentPostprocessing = 0;
		};
		8B2A830B1ED2830A00D39D3C /* Sources */ = {
			isa = PBXSourcesBuildPhase;
			buildActionMask = 2147483647;
			files = (
				8B2A83141ED2830A00D39D3C /* JDTestRunTimeTests.m in Sources */,
			);
			runOnlyForDeploymentPostprocessing = 0;
		};
		8B2A83161ED2830A00D39D3C /* Sources */ = {
			isa = PBXSourcesBuildPhase;
			buildActionMask = 2147483647;
			files = (
				8B2A831F1ED2830A00D39D3C /* JDTestRunTimeUITests.m in Sources */,
			);
			runOnlyForDeploymentPostprocessing = 0;
		};
/* End PBXSourcesBuildPhase section */

/* Begin PBXTargetDependency section */
		8B2A83111ED2830A00D39D3C /* PBXTargetDependency */ = {
			isa = PBXTargetDependency;
			target = 8B2A82F51ED2830A00D39D3C /* JDTestRunTime */;
			targetProxy = 8B2A83101ED2830A00D39D3C /* PBXContainerItemProxy */;
		};
		8B2A831C1ED2830A00D39D3C /* PBXTargetDependency */ = {
			isa = PBXTargetDependency;
			target = 8B2A82F51ED2830A00D39D3C /* JDTestRunTime */;
			targetProxy = 8B2A831B1ED2830A00D39D3C /* PBXContainerItemProxy */;
		};
/* End PBXTargetDependency section */

/* Begin PBXVariantGroup section */
		8B2A83021ED2830A00D39D3C /* Main.storyboard */ = {
			isa = PBXVariantGroup;
			children = (
				8B2A83031ED2830A00D39D3C /* Base */,
			);
			name = Main.storyboard;
			sourceTree = "<group>";
		};
		8B2A83071ED2830A00D39D3C /* LaunchScreen.storyboard */ = {
			isa = PBXVariantGroup;
			children = (
				8B2A83081ED2830A00D39D3C /* Base */,
			);
			name = LaunchScreen.storyboard;
			sourceTree = "<group>";
		};
/* End PBXVariantGroup section */

/* Begin XCBuildConfiguration section */
		8B2A83211ED2830A00D39D3C /* Debug */ = {
			isa = XCBuildConfiguration;
			buildSettings = {
				ALWAYS_SEARCH_USER_PATHS = NO;
				CLANG_ANALYZER_NONNULL = YES;
				CLANG_ANALYZER_NUMBER_OBJECT_CONVERSION = YES_AGGRESSIVE;
				CLANG_CXX_LANGUAGE_STANDARD = "gnu++0x";
				CLANG_CXX_LIBRARY = "libc++";
				CLANG_ENABLE_MODULES = YES;
				CLANG_ENABLE_OBJC_ARC = YES;
				CLANG_WARN_BOOL_CONVERSION = YES;
				CLANG_WARN_CONSTANT_CONVERSION = YES;
				CLANG_WARN_DIRECT_OBJC_ISA_USAGE = YES_ERROR;
				CLANG_WARN_DOCUMENTATION_COMMENTS = YES;
				CLANG_WARN_EMPTY_BODY = YES;
				CLANG_WARN_ENUM_CONVERSION = YES;
				CLANG_WARN_INFINITE_RECURSION = YES;
				CLANG_WARN_INT_CONVERSION = YES;
				CLANG_WARN_OBJC_ROOT_CLASS = YES_ERROR;
				CLANG_WARN_SUSPICIOUS_MOVE = YES;
				CLANG_WARN_UNREACHABLE_CODE = YES;
				CLANG_WARN__DUPLICATE_METHOD_MATCH = YES;
				"CODE_SIGN_IDENTITY[sdk=iphoneos*]" = "iPhone Developer";
				COPY_PHASE_STRIP = NO;
				DEBUG_INFORMATION_FORMAT = dwarf;
				ENABLE_STRICT_OBJC_MSGSEND = YES;
				ENABLE_TESTABILITY = YES;
				GCC_C_LANGUAGE_STANDARD = gnu99;
				GCC_DYNAMIC_NO_PIC = NO;
				GCC_NO_COMMON_BLOCKS = YES;
				GCC_OPTIMIZATION_LEVEL = 0;
				GCC_PREPROCESSOR_DEFINITIONS = (
					"DEBUG=1",
					"$(inherited)",
				);
				GCC_WARN_64_TO_32_BIT_CONVERSION = YES;
				GCC_WARN_ABOUT_RETURN_TYPE = YES_ERROR;
				GCC_WARN_UNDECLARED_SELECTOR = YES;
				GCC_WARN_UNINITIALIZED_AUTOS = YES_AGGRESSIVE;
				GCC_WARN_UNUSED_FUNCTION = YES;
				GCC_WARN_UNUSED_VARIABLE = YES;
				IPHONEOS_DEPLOYMENT_TARGET = 10.3;
				MTL_ENABLE_DEBUG_INFO = YES;
				ONLY_ACTIVE_ARCH = YES;
				SDKROOT = iphoneos;
				TARGETED_DEVICE_FAMILY = "1,2";
			};
			name = Debug;
		};
		8B2A83221ED2830A00D39D3C /* Release */ = {
			isa = XCBuildConfiguration;
			buildSettings = {
				ALWAYS_SEARCH_USER_PATHS = NO;
				CLANG_ANALYZER_NONNULL = YES;
				CLANG_ANALYZER_NUMBER_OBJECT_CONVERSION = YES_AGGRESSIVE;
				CLANG_CXX_LANGUAGE_STANDARD = "gnu++0x";
				CLANG_CXX_LIBRARY = "libc++";
				CLANG_ENABLE_MODULES = YES;
				CLANG_ENABLE_OBJC_ARC = YES;
				CLANG_WARN_BOOL_CONVERSION = YES;
				CLANG_WARN_CONSTANT_CONVERSION = YES;
				CLANG_WARN_DIRECT_OBJC_ISA_USAGE = YES_ERROR;
				CLANG_WARN_DOCUMENTATION_COMMENTS = YES;
				CLANG_WARN_EMPTY_BODY = YES;
				CLANG_WARN_ENUM_CONVERSION = YES;
				CLANG_WARN_INFINITE_RECURSION = YES;
				CLANG_WARN_INT_CONVERSION = YES;
				CLANG_WARN_OBJC_ROOT_CLASS = YES_ERROR;
				CLANG_WARN_SUSPICIOUS_MOVE = YES;
				CLANG_WARN_UNREACHABLE_CODE = YES;
				CLANG_WARN__DUPLICATE_METHOD_MATCH = YES;
				"CODE_SIGN_IDENTITY[sdk=iphoneos*]" = "iPhone Developer";
				COPY_PHASE_STRIP = NO;
				DEBUG_INFORMATION_FORMAT = "dwarf-with-dsym";
				ENABLE_NS_ASSERTIONS = NO;
				ENABLE_STRICT_OBJC_MSGSEND = YES;
				GCC_C_LANGUAGE_STANDARD = gnu99;
				GCC_NO_COMMON_BLOCKS = YES;
				GCC_WARN_64_TO_32_BIT_CONVERSION = YES;
				GCC_WARN_ABOUT_RETURN_TYPE = YES_ERROR;
				GCC_WARN_UNDECLARED_SELECTOR = YES;
				GCC_WARN_UNINITIALIZED_AUTOS = YES_AGGRESSIVE;
				GCC_WARN_UNUSED_FUNCTION = YES;
				GCC_WARN_UNUSED_VARIABLE = YES;
				IPHONEOS_DEPLOYMENT_TARGET = 10.3;
				MTL_ENABLE_DEBUG_INFO = NO;
				SDKROOT = iphoneos;
				TARGETED_DEVICE_FAMILY = "1,2";
				VALIDATE_PRODUCT = YES;
			};
			name = Release;
		};
		8B2A83241ED2830A00D39D3C /* Debug */ = {
			isa = XCBuildConfiguration;
			buildSettings = {
				ASSETCATALOG_COMPILER_APPICON_NAME = AppIcon;
				INFOPLIST_FILE = JDTestRunTime/Info.plist;
				LD_RUNPATH_SEARCH_PATHS = "$(inherited) @executable_path/Frameworks";
				PRODUCT_BUNDLE_IDENTIFIER = com.judy.JDTestRunTime;
				PRODUCT_NAME = "$(TARGET_NAME)";
			};
			name = Debug;
		};
		8B2A83251ED2830A00D39D3C /* Release */ = {
			isa = XCBuildConfiguration;
			buildSettings = {
				ASSETCATALOG_COMPILER_APPICON_NAME = AppIcon;
				INFOPLIST_FILE = JDTestRunTime/Info.plist;
				LD_RUNPATH_SEARCH_PATHS = "$(inherited) @executable_path/Frameworks";
				PRODUCT_BUNDLE_IDENTIFIER = com.judy.JDTestRunTime;
				PRODUCT_NAME = "$(TARGET_NAME)";
			};
			name = Release;
		};
		8B2A83271ED2830A00D39D3C /* Debug */ = {
			isa = XCBuildConfiguration;
			buildSettings = {
				BUNDLE_LOADER = "$(TEST_HOST)";
				INFOPLIST_FILE = JDTestRunTimeTests/Info.plist;
				LD_RUNPATH_SEARCH_PATHS = "$(inherited) @executable_path/Frameworks @loader_path/Frameworks";
				PRODUCT_BUNDLE_IDENTIFIER = com.judy.JDTestRunTimeTests;
				PRODUCT_NAME = "$(TARGET_NAME)";
				TEST_HOST = "$(BUILT_PRODUCTS_DIR)/JDTestRunTime.app/JDTestRunTime";
			};
			name = Debug;
		};
		8B2A83281ED2830A00D39D3C /* Release */ = {
			isa = XCBuildConfiguration;
			buildSettings = {
				BUNDLE_LOADER = "$(TEST_HOST)";
				INFOPLIST_FILE = JDTestRunTimeTests/Info.plist;
				LD_RUNPATH_SEARCH_PATHS = "$(inherited) @executable_path/Frameworks @loader_path/Frameworks";
				PRODUCT_BUNDLE_IDENTIFIER = com.judy.JDTestRunTimeTests;
				PRODUCT_NAME = "$(TARGET_NAME)";
				TEST_HOST = "$(BUILT_PRODUCTS_DIR)/JDTestRunTime.app/JDTestRunTime";
			};
			name = Release;
		};
		8B2A832A1ED2830A00D39D3C /* Debug */ = {
			isa = XCBuildConfiguration;
			buildSettings = {
				INFOPLIST_FILE = JDTestRunTimeUITests/Info.plist;
				LD_RUNPATH_SEARCH_PATHS = "$(inherited) @executable_path/Frameworks @loader_path/Frameworks";
				PRODUCT_BUNDLE_IDENTIFIER = com.judy.JDTestRunTimeUITests;
				PRODUCT_NAME = "$(TARGET_NAME)";
				TEST_TARGET_NAME = JDTestRunTime;
			};
			name = Debug;
		};
		8B2A832B1ED2830A00D39D3C /* Release */ = {
			isa = XCBuildConfiguration;
			buildSettings = {
				INFOPLIST_FILE = JDTestRunTimeUITests/Info.plist;
				LD_RUNPATH_SEARCH_PATHS = "$(inherited) @executable_path/Frameworks @loader_path/Frameworks";
				PRODUCT_BUNDLE_IDENTIFIER = com.judy.JDTestRunTimeUITests;
				PRODUCT_NAME = "$(TARGET_NAME)";
				TEST_TARGET_NAME = JDTestRunTime;
			};
			name = Release;
		};
/* End XCBuildConfiguration section */

/* Begin XCConfigurationList section */
		8B2A82F11ED2830A00D39D3C /* Build configuration list for PBXProject "JDTestRunTime" */ = {
			isa = XCConfigurationList;
			buildConfigurations = (
				8B2A83211ED2830A00D39D3C /* Debug */,
				8B2A83221ED2830A00D39D3C /* Release */,
			);
			defaultConfigurationIsVisible = 0;
			defaultConfigurationName = Release;
		};
		8B2A83231ED2830A00D39D3C /* Build configuration list for PBXNativeTarget "JDTestRunTime" */ = {
			isa = XCConfigurationList;
			buildConfigurations = (
				8B2A83241ED2830A00D39D3C /* Debug */,
				8B2A83251ED2830A00D39D3C /* Release */,
			);
			defaultConfigurationIsVisible = 0;
		};
		8B2A83261ED2830A00D39D3C /* Build configuration list for PBXNativeTarget "JDTestRunTimeTests" */ = {
			isa = XCConfigurationList;
			buildConfigurations = (
				8B2A83271ED2830A00D39D3C /* Debug */,
				8B2A83281ED2830A00D39D3C /* Release */,
			);
			defaultConfigurationIsVisible = 0;
		};
		8B2A83291ED2830A00D39D3C /* Build configuration list for PBXNativeTarget "JDTestRunTimeUITests" */ = {
			isa = XCConfigurationList;
			buildConfigurations = (
				8B2A832A1ED2830A00D39D3C /* Debug */,
				8B2A832B1ED2830A00D39D3C /* Release */,
			);
			defaultConfigurationIsVisible = 0;
		};
/* End XCConfigurationList section */
	};
	rootObject = 8B2A82EE1ED2830A00D39D3C /* Project object */;
}
